
Microsoft Visual Studio Solution File, Format Version 12.00
# Visual Studio Version 17
VisualStudioVersion = 17.5.33424.131
MinimumVisualStudioVersion = 10.0.40219.1
Project("{FAE04EC0-301F-11D3-BF4B-00C04F79EFBC}") = "merchantBOSCenterApiSolution", "merchantBOSCenterApiSolution\merchantBOSCenterApiSolution.csproj", "{32F5B5FC-A747-47F9-8BDE-86E1AC1F1349}"
EndProject
Global
	GlobalSection(SolutionConfigurationPlatforms) = preSolution
		Debug|Any CPU = Debug|Any CPU
		Release|Any CPU = Release|Any CPU
	EndGlobalSection
	GlobalSection(ProjectConfigurationPlatforms) = postSolution
		{32F5B5FC-A747-47F9-8BDE-86E1AC1F1349}.Debug|Any CPU.ActiveCfg = Debug|Any CPU
		{32F5B5FC-A747-47F9-8BDE-86E1AC1F1349}.Debug|Any CPU.Build.0 = Debug|Any CPU
		{32F5B5FC-A747-47F9-8BDE-86E1AC1F1349}.Release|Any CPU.ActiveCfg = Release|Any CPU
		{32F5B5FC-A747-47F9-8BDE-86E1AC1F1349}.Release|Any CPU.Build.0 = Release|Any CPU
	EndGlobalSection
	GlobalSection(SolutionProperties) = preSolution
		HideSolutionNode = FALSE
	EndGlobalSection
	GlobalSection(ExtensibilityGlobals) = postSolution
		SolutionGuid = {4146CCBD-E97C-4486-8C39-5AB733185959}
	EndGlobalSection
EndGlobal
